
Microsoft Visual Studio Solution File, Format Version 12.00
# Visual Studio Version 16
VisualStudioVersion = 16.0.30225.117
MinimumVisualStudioVersion = 10.0.40219.1
Project("{FAE04EC0-301F-11D3-BF4B-00C04F79EFBC}") = "HideNaviBar", "HideNaviBar\HideNaviBar\HideNaviBar.csproj", "{4F3FF0CC-54E8-4818-8E7E-F7C848A47B8E}"
EndProject
Project("{FAE04EC0-301F-11D3-BF4B-00C04F79EFBC}") = "HideNaviBar.Android", "HideNaviBar\HideNaviBar.Android\HideNaviBar.Android.csproj", "{3CA55428-C40A-4D1F-B4BF-5477364B4587}"
EndProject
Project("{FAE04EC0-301F-11D3-BF4B-00C04F79EFBC}") = "HideNaviBar.iOS", "HideNaviBar\HideNaviBar.iOS\HideNaviBar.iOS.csproj", "{42AF18EE-C996-47D2-A4B5-85CBFAA31672}"
EndProject
Global
	GlobalSection(SolutionConfigurationPlatforms) = preSolution
		Ad-Hoc|Any CPU = Ad-Hoc|Any CPU
		Ad-Hoc|iPhone = Ad-Hoc|iPhone
		Ad-Hoc|iPhoneSimulator = Ad-Hoc|iPhoneSimulator
		AppStore|Any CPU = AppStore|Any CPU
		AppStore|iPhone = AppStore|iPhone
		AppStore|iPhoneSimulator = AppStore|iPhoneSimulator
		Debug|Any CPU = Debug|Any CPU
		Debug|iPhone = Debug|iPhone
		Debug|iPhoneSimulator = Debug|iPhoneSimulator
		Release|Any CPU = Release|Any CPU
		Release|iPhone = Release|iPhone
		Release|iPhoneSimulator = Release|iPhoneSimulator
	EndGlobalSection
	GlobalSection(ProjectConfigurationPlatforms) = postSolution
		{4F3FF0CC-54E8-4818-8E7E-F7C848A47B8E}.Ad-Hoc|Any CPU.ActiveCfg = Debug|Any CPU
		{4F3FF0CC-54E8-4818-8E7E-F7C848A47B8E}.Ad-Hoc|Any CPU.Build.0 = Debug|Any CPU
		{4F3FF0CC-54E8-4818-8E7E-F7C848A47B8E}.Ad-Hoc|iPhone.ActiveCfg = Debug|Any CPU
		{4F3FF0CC-54E8-4818-8E7E-F7C848A47B8E}.Ad-Hoc|iPhone.Build.0 = Debug|Any CPU
		{4F3FF0CC-54E8-4818-8E7E-F7C848A47B8E}.Ad-Hoc|iPhoneSimulator.ActiveCfg = Debug|Any CPU
		{4F3FF0CC-54E8-4818-8E7E-F7C848A47B8E}.Ad-Hoc|iPhoneSimulator.Build.0 = Debug|Any CPU
		{4F3FF0CC-54E8-4818-8E7E-F7C848A47B8E}.AppStore|Any CPU.ActiveCfg = Debug|Any CPU
		{4F3FF0CC-54E8-4818-8E7E-F7C848A47B8E}.AppStore|Any CPU.Build.0 = Debug|Any CPU
		{4F3FF0CC-54E8-4818-8E7E-F7C848A47B8E}.AppStore|iPhone.ActiveCfg = Debug|Any CPU
		{4F3FF0CC-54E8-4818-8E7E-F7C848A47B8E}.AppStore|iPhone.Build.0 = Debug|Any CPU
		{4F3FF0CC-54E8-4818-8E7E-F7C848A47B8E}.AppStore|iPhoneSimulator.ActiveCfg = Debug|Any CPU
		{4F3FF0CC-54E8-4818-8E7E-F7C848A47B8E}.AppStore|iPhoneSimulator.Build.0 = Debug|Any CPU
		{4F3FF0CC-54E8-4818-8E7E-F7C848A47B8E}.Debug|Any CPU.ActiveCfg = Debug|Any CPU
		{4F3FF0CC-54E8-4818-8E7E-F7C848A47B8E}.Debug|Any CPU.Build.0 = Debug|Any CPU
		{4F3FF0CC-54E8-4818-8E7E-F7C848A47B8E}.Debug|iPhone.ActiveCfg = Debug|Any CPU
		{4F3FF0CC-54E8-4818-8E7E-F7C848A47B8E}.Debug|iPhone.Build.0 = Debug|Any CPU
		{4F3FF0CC-54E8-4818-8E7E-F7C848A47B8E}.Debug|iPhoneSimulator.ActiveCfg = Debug|Any CPU
		{4F3FF0CC-54E8-4818-8E7E-F7C848A47B8E}.Debug|iPhoneSimulator.Build.0 = Debug|Any CPU
		{4F3FF0CC-54E8-4818-8E7E-F7C848A47B8E}.Release|Any CPU.ActiveCfg = Release|Any CPU
		{4F3FF0CC-54E8-4818-8E7E-F7C848A47B8E}.Release|Any CPU.Build.0 = Release|Any CPU
		{4F3FF0CC-54E8-4818-8E7E-F7C848A47B8E}.Release|iPhone.ActiveCfg = Release|Any CPU
		{4F3FF0CC-54E8-4818-8E7E-F7C848A47B8E}.Release|iPhone.Build.0 = Release|Any CPU
		{4F3FF0CC-54E8-4818-8E7E-F7C848A47B8E}.Release|iPhoneSimulator.ActiveCfg = Release|Any CPU
		{4F3FF0CC-54E8-4818-8E7E-F7C848A47B8E}.Release|iPhoneSimulator.Build.0 = Release|Any CPU
		{3CA55428-C40A-4D1F-B4BF-5477364B4587}.Ad-Hoc|Any CPU.ActiveCfg = Release|Any CPU
		{3CA55428-C40A-4D1F-B4BF-5477364B4587}.Ad-Hoc|Any CPU.Build.0 = Release|Any CPU
		{3CA55428-C40A-4D1F-B4BF-5477364B4587}.Ad-Hoc|Any CPU.Deploy.0 = Release|Any CPU
		{3CA55428-C40A-4D1F-B4BF-5477364B4587}.Ad-Hoc|iPhone.ActiveCfg = Release|Any CPU
		{3CA55428-C40A-4D1F-B4BF-5477364B4587}.Ad-Hoc|iPhone.Build.0 = Release|Any CPU
		{3CA55428-C40A-4D1F-B4BF-5477364B4587}.Ad-Hoc|iPhone.Deploy.0 = Release|Any CPU
		{3CA55428-C40A-4D1F-B4BF-5477364B4587}.Ad-Hoc|iPhoneSimulator.ActiveCfg = Release|Any CPU
		{3CA55428-C40A-4D1F-B4BF-5477364B4587}.Ad-Hoc|iPhoneSimulator.Build.0 = Release|Any CPU
		{3CA55428-C40A-4D1F-B4BF-5477364B4587}.Ad-Hoc|iPhoneSimulator.Deploy.0 = Release|Any CPU
		{3CA55428-C40A-4D1F-B4BF-5477364B4587}.AppStore|Any CPU.ActiveCfg = Release|Any CPU
		{3CA55428-C40A-4D1F-B4BF-5477364B4587}.AppStore|Any CPU.Build.0 = Release|Any CPU
		{3CA55428-C40A-4D1F-B4BF-5477364B4587}.AppStore|Any CPU.Deploy.0 = Release|Any CPU
		{3CA55428-C40A-4D1F-B4BF-5477364B4587}.AppStore|iPhone.ActiveCfg = Release|Any CPU
		{3CA55428-C40A-4D1F-B4BF-5477364B4587}.AppStore|iPhone.Build.0 = Release|Any CPU
		{3CA55428-C40A-4D1F-B4BF-5477364B4587}.AppStore|iPhone.Deploy.0 = Release|Any CPU
		{3CA55428-C40A-4D1F-B4BF-5477364B4587}.AppStore|iPhoneSimulator.ActiveCfg = Release|Any CPU
		{3CA55428-C40A-4D1F-B4BF-5477364B4587}.AppStore|iPhoneSimulator.Build.0 = Release|Any CPU
		{3CA55428-C40A-4D1F-B4BF-5477364B4587}.AppStore|iPhoneSimulator.Deploy.0 = Release|Any CPU
		{3CA55428-C40A-4D1F-B4BF-5477364B4587}.Debug|Any CPU.ActiveCfg = Debug|Any CPU
		{3CA55428-C40A-4D1F-B4BF-5477364B4587}.Debug|Any CPU.Build.0 = Debug|Any CPU
		{3CA55428-C40A-4D1F-B4BF-5477364B4587}.Debug|Any CPU.Deploy.0 = Debug|Any CPU
		{3CA55428-C40A-4D1F-B4BF-5477364B4587}.Debug|iPhone.ActiveCfg = Debug|Any CPU
		{3CA55428-C40A-4D1F-B4BF-5477364B4587}.Debug|iPhone.Build.0 = Debug|Any CPU
		{3CA55428-C40A-4D1F-B4BF-5477364B4587}.Debug|iPhone.Deploy.0 = Debug|Any CPU
		{3CA55428-C40A-4D1F-B4BF-5477364B4587}.Debug|iPhoneSimulator.ActiveCfg = Debug|Any CPU
		{3CA55428-C40A-4D1F-B4BF-5477364B4587}.Debug|iPhoneSimulator.Build.0 = Debug|Any CPU
		{3CA55428-C40A-4D1F-B4BF-5477364B4587}.Debug|iPhoneSimulator.Deploy.0 = Debug|Any CPU
		{3CA55428-C40A-4D1F-B4BF-5477364B4587}.Release|Any CPU.ActiveCfg = Release|Any CPU
		{3CA55428-C40A-4D1F-B4BF-5477364B4587}.Release|Any CPU.Build.0 = Release|Any CPU
		{3CA55428-C40A-4D1F-B4BF-5477364B4587}.Release|Any CPU.Deploy.0 = Release|Any CPU
		{3CA55428-C40A-4D1F-B4BF-5477364B4587}.Release|iPhone.ActiveCfg = Release|Any CPU
		{3CA55428-C40A-4D1F-B4BF-5477364B4587}.Release|iPhone.Build.0 = Release|Any CPU
		{3CA55428-C40A-4D1F-B4BF-5477364B4587}.Release|iPhone.Deploy.0 = Release|Any CPU
		{3CA55428-C40A-4D1F-B4BF-5477364B4587}.Release|iPhoneSimulator.ActiveCfg = Release|Any CPU
		{3CA55428-C40A-4D1F-B4BF-5477364B4587}.Release|iPhoneSimulator.Build.0 = Release|Any CPU
		{3CA55428-C40A-4D1F-B4BF-5477364B4587}.Release|iPhoneSimulator.Deploy.0 = Release|Any CPU
		{42AF18EE-C996-47D2-A4B5-85CBFAA31672}.Ad-Hoc|Any CPU.ActiveCfg = Ad-Hoc|iPhone
		{42AF18EE-C996-47D2-A4B5-85CBFAA31672}.Ad-Hoc|iPhone.ActiveCfg = Ad-Hoc|iPhone
		{42AF18EE-C996-47D2-A4B5-85CBFAA31672}.Ad-Hoc|iPhone.Build.0 = Ad-Hoc|iPhone
		{42AF18EE-C996-47D2-A4B5-85CBFAA31672}.Ad-Hoc|iPhoneSimulator.ActiveCfg = Ad-Hoc|iPhoneSimulator
		{42AF18EE-C996-47D2-A4B5-85CBFAA31672}.Ad-Hoc|iPhoneSimulator.Build.0 = Ad-Hoc|iPhoneSimulator
		{42AF18EE-C996-47D2-A4B5-85CBFAA31672}.AppStore|Any CPU.ActiveCfg = AppStore|iPhone
		{42AF18EE-C996-47D2-A4B5-85CBFAA31672}.AppStore|iPhone.ActiveCfg = AppStore|iPhone
		{42AF18EE-C996-47D2-A4B5-85CBFAA31672}.AppStore|iPhone.Build.0 = AppStore|iPhone
		{42AF18EE-C996-47D2-A4B5-85CBFAA31672}.AppStore|iPhoneSimulator.ActiveCfg = AppStore|iPhoneSimulator
		{42AF18EE-C996-47D2-A4B5-85CBFAA31672}.AppStore|iPhoneSimulator.Build.0 = AppStore|iPhoneSimulator
		{42AF18EE-C996-47D2-A4B5-85CBFAA31672}.Debug|Any CPU.ActiveCfg = Debug|iPhone
		{42AF18EE-C996-47D2-A4B5-85CBFAA31672}.Debug|iPhone.ActiveCfg = Debug|iPhone
		{42AF18EE-C996-47D2-A4B5-85CBFAA31672}.Debug|iPhone.Build.0 = Debug|iPhone
		{42AF18EE-C996-47D2-A4B5-85CBFAA31672}.Debug|iPhoneSimulator.ActiveCfg = Debug|iPhoneSimulator
		{42AF18EE-C996-47D2-A4B5-85CBFAA31672}.Debug|iPhoneSimulator.Build.0 = Debug|iPhoneSimulator
		{42AF18EE-C996-47D2-A4B5-85CBFAA31672}.Release|Any CPU.ActiveCfg = Release|iPhone
		{42AF18EE-C996-47D2-A4B5-85CBFAA31672}.Release|iPhone.ActiveCfg = Release|iPhone
		{42AF18EE-C996-47D2-A4B5-85CBFAA31672}.Release|iPhone.Build.0 = Release|iPhone
		{42AF18EE-C996-47D2-A4B5-85CBFAA31672}.Release|iPhoneSimulator.ActiveCfg = Release|iPhoneSimulator
		{42AF18EE-C996-47D2-A4B5-85CBFAA31672}.Release|iPhoneSimulator.Build.0 = Release|iPhoneSimulator
	EndGlobalSection
	GlobalSection(SolutionProperties) = preSolution
		HideSolutionNode = FALSE
	EndGlobalSection
	GlobalSection(ExtensibilityGlobals) = postSolution
		SolutionGuid = {4CBA5C77-F187-4E95-B72B-806D4F1A57BF}
	EndGlobalSection
EndGlobal
